// !$*UTF8*$!
{
	archiveVersion = 1;
	classes = {
	};
	objectVersion = 55;
	objects = {

/* Begin PBXBuildFile section */
		4443A1A954B91DF1529A7C1A /* Pods_ParstagramTests.framework in Frameworks */ = {isa = PBXBuildFile; fileRef = 4380F151B9829ED7ABE25707 /* Pods_ParstagramTests.framework */; };
		529E145B27EEAD5A00289E18 /* AppDelegate.swift in Sources */ = {isa = PBXBuildFile; fileRef = 529E145A27EEAD5A00289E18 /* AppDelegate.swift */; };
		529E145D27EEAD5A00289E18 /* SceneDelegate.swift in Sources */ = {isa = PBXBuildFile; fileRef = 529E145C27EEAD5A00289E18 /* SceneDelegate.swift */; };
		529E146227EEAD5A00289E18 /* Main.storyboard in Resources */ = {isa = PBXBuildFile; fileRef = 529E146027EEAD5A00289E18 /* Main.storyboard */; };
		529E146427EEAD5B00289E18 /* Assets.xcassets in Resources */ = {isa = PBXBuildFile; fileRef = 529E146327EEAD5B00289E18 /* Assets.xcassets */; };
		529E146727EEAD5B00289E18 /* LaunchScreen.storyboard in Resources */ = {isa = PBXBuildFile; fileRef = 529E146527EEAD5B00289E18 /* LaunchScreen.storyboard */; };
		529E147227EEAD5C00289E18 /* ParstagramTests.swift in Sources */ = {isa = PBXBuildFile; fileRef = 529E147127EEAD5C00289E18 /* ParstagramTests.swift */; };
		529E147C27EEAD5C00289E18 /* ParstagramUITests.swift in Sources */ = {isa = PBXBuildFile; fileRef = 529E147B27EEAD5C00289E18 /* ParstagramUITests.swift */; };
		529E147E27EEAD5C00289E18 /* ParstagramUITestsLaunchTests.swift in Sources */ = {isa = PBXBuildFile; fileRef = 529E147D27EEAD5C00289E18 /* ParstagramUITestsLaunchTests.swift */; };
		529E148C27EEB0A700289E18 /* AlamofireImage in Frameworks */ = {isa = PBXBuildFile; productRef = 529E148B27EEB0A700289E18 /* AlamofireImage */; };
		529E148E27EEB94600289E18 /* LoginViewController.swift in Sources */ = {isa = PBXBuildFile; fileRef = 529E148D27EEB94600289E18 /* LoginViewController.swift */; };
		529E149027EEB97100289E18 /* FeedViewController.swift in Sources */ = {isa = PBXBuildFile; fileRef = 529E148F27EEB97100289E18 /* FeedViewController.swift */; };
		529E149227EEEB3600289E18 /* CameraViewController.swift in Sources */ = {isa = PBXBuildFile; fileRef = 529E149127EEEB3600289E18 /* CameraViewController.swift */; };
		529E149427EF9E4000289E18 /* PostCell.swift in Sources */ = {isa = PBXBuildFile; fileRef = 529E149327EF9E4000289E18 /* PostCell.swift */; };
		F8AEFD74AA48151EE4A1FE71 /* Pods_Parstagram_ParstagramUITests.framework in Frameworks */ = {isa = PBXBuildFile; fileRef = CF642AF39323226B8A3A1E65 /* Pods_Parstagram_ParstagramUITests.framework */; };
		FCE38BB96BF9E4ECAD10704C /* Pods_Parstagram.framework in Frameworks */ = {isa = PBXBuildFile; fileRef = 08DFB28C128745102A6B6A10 /* Pods_Parstagram.framework */; };
/* End PBXBuildFile section */

/* Begin PBXContainerItemProxy section */
		529E146E27EEAD5C00289E18 /* PBXContainerItemProxy */ = {
			isa = PBXContainerItemProxy;
			containerPortal = 529E144F27EEAD5A00289E18 /* Project object */;
			proxyType = 1;
			remoteGlobalIDString = 529E145627EEAD5A00289E18;
			remoteInfo = Parstagram;
		};
		529E147827EEAD5C00289E18 /* PBXContainerItemProxy */ = {
			isa = PBXContainerItemProxy;
			containerPortal = 529E144F27EEAD5A00289E18 /* Project object */;
			proxyType = 1;
			remoteGlobalIDString = 529E145627EEAD5A00289E18;
			remoteInfo = Parstagram;
		};
/* End PBXContainerItemProxy section */

/* Begin PBXFileReference section */
		08DFB28C128745102A6B6A10 /* Pods_Parstagram.framework */ = {isa = PBXFileReference; explicitFileType = wrapper.framework; includeInIndex = 0; path = Pods_Parstagram.framework; sourceTree = BUILT_PRODUCTS_DIR; };
		4380F151B9829ED7ABE25707 /* Pods_ParstagramTests.framework */ = {isa = PBXFileReference; explicitFileType = wrapper.framework; includeInIndex = 0; path = Pods_ParstagramTests.framework; sourceTree = BUILT_PRODUCTS_DIR; };
		4F162023BE07ED687511B909 /* Pods-Parstagram-ParstagramUITests.debug.xcconfig */ = {isa = PBXFileReference; includeInIndex = 1; lastKnownFileType = text.xcconfig; name = "Pods-Parstagram-ParstagramUITests.debug.xcconfig"; path = "Target Support Files/Pods-Parstagram-ParstagramUITests/Pods-Parstagram-ParstagramUITests.debug.xcconfig"; sourceTree = "<group>"; };
		529E145727EEAD5A00289E18 /* Parstagram.app */ = {isa = PBXFileReference; explicitFileType = wrapper.application; includeInIndex = 0; path = Parstagram.app; sourceTree = BUILT_PRODUCTS_DIR; };
		529E145A27EEAD5A00289E18 /* AppDelegate.swift */ = {isa = PBXFileReference; lastKnownFileType = sourcecode.swift; path = AppDelegate.swift; sourceTree = "<group>"; };
		529E145C27EEAD5A00289E18 /* SceneDelegate.swift */ = {isa = PBXFileReference; lastKnownFileType = sourcecode.swift; path = SceneDelegate.swift; sourceTree = "<group>"; };
		529E146127EEAD5A00289E18 /* Base */ = {isa = PBXFileReference; lastKnownFileType = file.storyboard; name = Base; path = Base.lproj/Main.storyboard; sourceTree = "<group>"; };
		529E146327EEAD5B00289E18 /* Assets.xcassets */ = {isa = PBXFileReference; lastKnownFileType = folder.assetcatalog; path = Assets.xcassets; sourceTree = "<group>"; };
		529E146627EEAD5B00289E18 /* Base */ = {isa = PBXFileReference; lastKnownFileType = file.storyboard; name = Base; path = Base.lproj/LaunchScreen.storyboard; sourceTree = "<group>"; };
		529E146827EEAD5B00289E18 /* Info.plist */ = {isa = PBXFileReference; lastKnownFileType = text.plist.xml; path = Info.plist; sourceTree = "<group>"; };
		529E146D27EEAD5C00289E18 /* ParstagramTests.xctest */ = {isa = PBXFileReference; explicitFileType = wrapper.cfbundle; includeInIndex = 0; path = ParstagramTests.xctest; sourceTree = BUILT_PRODUCTS_DIR; };
		529E147127EEAD5C00289E18 /* ParstagramTests.swift */ = {isa = PBXFileReference; lastKnownFileType = sourcecode.swift; path = ParstagramTests.swift; sourceTree = "<group>"; };
		529E147727EEAD5C00289E18 /* ParstagramUITests.xctest */ = {isa = PBXFileReference; explicitFileType = wrapper.cfbundle; includeInIndex = 0; path = ParstagramUITests.xctest; sourceTree = BUILT_PRODUCTS_DIR; };
		529E147B27EEAD5C00289E18 /* ParstagramUITests.swift */ = {isa = PBXFileReference; lastKnownFileType = sourcecode.swift; path = ParstagramUITests.swift; sourceTree = "<group>"; };
		529E147D27EEAD5C00289E18 /* ParstagramUITestsLaunchTests.swift */ = {isa = PBXFileReference; lastKnownFileType = sourcecode.swift; path = ParstagramUITestsLaunchTests.swift; sourceTree = "<group>"; };
		529E148D27EEB94600289E18 /* LoginViewController.swift */ = {isa = PBXFileReference; lastKnownFileType = sourcecode.swift; path = LoginViewController.swift; sourceTree = "<group>"; };
		529E148F27EEB97100289E18 /* FeedViewController.swift */ = {isa = PBXFileReference; lastKnownFileType = sourcecode.swift; path = FeedViewController.swift; sourceTree = "<group>"; };
		529E149127EEEB3600289E18 /* CameraViewController.swift */ = {isa = PBXFileReference; lastKnownFileType = sourcecode.swift; path = CameraViewController.swift; sourceTree = "<group>"; };
		529E149327EF9E4000289E18 /* PostCell.swift */ = {isa = PBXFileReference; lastKnownFileType = sourcecode.swift; path = PostCell.swift; sourceTree = "<group>"; };
		530DDAC89EB35314028DEC07 /* Pods-ParstagramTests.debug.xcconfig */ = {isa = PBXFileReference; includeInIndex = 1; lastKnownFileType = text.xcconfig; name = "Pods-ParstagramTests.debug.xcconfig"; path = "Target Support Files/Pods-ParstagramTests/Pods-ParstagramTests.debug.xcconfig"; sourceTree = "<group>"; };
		A2628AEB8937285ACD6762DC /* Pods-Parstagram.release.xcconfig */ = {isa = PBXFileReference; includeInIndex = 1; lastKnownFileType = text.xcconfig; name = "Pods-Parstagram.release.xcconfig"; path = "Target Support Files/Pods-Parstagram/Pods-Parstagram.release.xcconfig"; sourceTree = "<group>"; };
		B9271767B640AA12CFD1D5BD /* Pods-Parstagram-ParstagramUITests.release.xcconfig */ = {isa = PBXFileReference; includeInIndex = 1; lastKnownFileType = text.xcconfig; name = "Pods-Parstagram-ParstagramUITests.release.xcconfig"; path = "Target Support Files/Pods-Parstagram-ParstagramUITests/Pods-Parstagram-ParstagramUITests.release.xcconfig"; sourceTree = "<group>"; };
		CF642AF39323226B8A3A1E65 /* Pods_Parstagram_ParstagramUITests.framework */ = {isa = PBXFileReference; explicitFileType = wrapper.framework; includeInIndex = 0; path = Pods_Parstagram_ParstagramUITests.framework; sourceTree = BUILT_PRODUCTS_DIR; };
		DCC28FDE899ED0B511E05460 /* Pods-ParstagramTests.release.xcconfig */ = {isa = PBXFileReference; includeInIndex = 1; lastKnownFileType = text.xcconfig; name = "Pods-ParstagramTests.release.xcconfig"; path = "Target Support Files/Pods-ParstagramTests/Pods-ParstagramTests.release.xcconfig"; sourceTree = "<group>"; };
		E7FCC36E57B8F66A8AD1D1FE /* Pods-Parstagram.debug.xcconfig */ = {isa = PBXFileReference; includeInIndex = 1; lastKnownFileType = text.xcconfig; name = "Pods-Parstagram.debug.xcconfig"; path = "Target Support Files/Pods-Parstagram/Pods-Parstagram.debug.xcconfig"; sourceTree = "<group>"; };
/* End PBXFileReference section */

/* Begin PBXFrameworksBuildPhase section */
		529E145427EEAD5A00289E18 /* Frameworks */ = {
			isa = PBXFrameworksBuildPhase;
			buildActionMask = 2147483647;
			files = (
				529E148C27EEB0A700289E18 /* AlamofireImage in Frameworks */,
				FCE38BB96BF9E4ECAD10704C /* Pods_Parstagram.framework in Frameworks */,
			);
			runOnlyForDeploymentPostprocessing = 0;
		};
		529E146A27EEAD5C00289E18 /* Frameworks */ = {
			isa = PBXFrameworksBuildPhase;
			buildActionMask = 2147483647;
			files = (
				4443A1A954B91DF1529A7C1A /* Pods_ParstagramTests.framework in Frameworks */,
			);
			runOnlyForDeploymentPostprocessing = 0;
		};
		529E147427EEAD5C00289E18 /* Frameworks */ = {
			isa = PBXFrameworksBuildPhase;
			buildActionMask = 2147483647;
			files = (
				F8AEFD74AA48151EE4A1FE71 /* Pods_Parstagram_ParstagramUITests.framework in Frameworks */,
			);
			runOnlyForDeploymentPostprocessing = 0;
		};
/* End PBXFrameworksBuildPhase section */

/* Begin PBXGroup section */
		149F5D5B6FA244E22A986E32 /* Pods */ = {
			isa = PBXGroup;
			children = (
				E7FCC36E57B8F66A8AD1D1FE /* Pods-Parstagram.debug.xcconfig */,
				A2628AEB8937285ACD6762DC /* Pods-Parstagram.release.xcconfig */,
				4F162023BE07ED687511B909 /* Pods-Parstagram-ParstagramUITests.debug.xcconfig */,
				B9271767B640AA12CFD1D5BD /* Pods-Parstagram-ParstagramUITests.release.xcconfig */,
				530DDAC89EB35314028DEC07 /* Pods-ParstagramTests.debug.xcconfig */,
				DCC28FDE899ED0B511E05460 /* Pods-ParstagramTests.release.xcconfig */,
			);
			path = Pods;
			sourceTree = "<group>";
		};
		529E144E27EEAD5A00289E18 = {
			isa = PBXGroup;
			children = (
				529E145927EEAD5A00289E18 /* Parstagram */,
				529E147027EEAD5C00289E18 /* ParstagramTests */,
				529E147A27EEAD5C00289E18 /* ParstagramUITests */,
				529E145827EEAD5A00289E18 /* Products */,
				149F5D5B6FA244E22A986E32 /* Pods */,
				5D7ECE98C993935DA0293DE2 /* Frameworks */,
			);
			sourceTree = "<group>";
		};
		529E145827EEAD5A00289E18 /* Products */ = {
			isa = PBXGroup;
			children = (
				529E145727EEAD5A00289E18 /* Parstagram.app */,
				529E146D27EEAD5C00289E18 /* ParstagramTests.xctest */,
				529E147727EEAD5C00289E18 /* ParstagramUITests.xctest */,
			);
			name = Products;
			sourceTree = "<group>";
		};
		529E145927EEAD5A00289E18 /* Parstagram */ = {
			isa = PBXGroup;
			children = (
				529E145A27EEAD5A00289E18 /* AppDelegate.swift */,
				529E145C27EEAD5A00289E18 /* SceneDelegate.swift */,
				529E146027EEAD5A00289E18 /* Main.storyboard */,
				529E146327EEAD5B00289E18 /* Assets.xcassets */,
				529E146527EEAD5B00289E18 /* LaunchScreen.storyboard */,
				529E146827EEAD5B00289E18 /* Info.plist */,
				529E148D27EEB94600289E18 /* LoginViewController.swift */,
				529E148F27EEB97100289E18 /* FeedViewController.swift */,
				529E149127EEEB3600289E18 /* CameraViewController.swift */,
				529E149327EF9E4000289E18 /* PostCell.swift */,
			);
			path = Parstagram;
			sourceTree = "<group>";
		};
		529E147027EEAD5C00289E18 /* ParstagramTests */ = {
			isa = PBXGroup;
			children = (
				529E147127EEAD5C00289E18 /* ParstagramTests.swift */,
			);
			path = ParstagramTests;
			sourceTree = "<group>";
		};
		529E147A27EEAD5C00289E18 /* ParstagramUITests */ = {
			isa = PBXGroup;
			children = (
				529E147B27EEAD5C00289E18 /* ParstagramUITests.swift */,
				529E147D27EEAD5C00289E18 /* ParstagramUITestsLaunchTests.swift */,
			);
			path = ParstagramUITests;
			sourceTree = "<group>";
		};
		5D7ECE98C993935DA0293DE2 /* Frameworks */ = {
			isa = PBXGroup;
			children = (
				08DFB28C128745102A6B6A10 /* Pods_Parstagram.framework */,
				CF642AF39323226B8A3A1E65 /* Pods_Parstagram_ParstagramUITests.framework */,
				4380F151B9829ED7ABE25707 /* Pods_ParstagramTests.framework */,
			);
			name = Frameworks;
			sourceTree = "<group>";
		};
/* End PBXGroup section */

/* Begin PBXNativeTarget section */
		529E145627EEAD5A00289E18 /* Parstagram */ = {
			isa = PBXNativeTarget;
			buildConfigurationList = 529E148127EEAD5C00289E18 /* Build configuration list for PBXNativeTarget "Parstagram" */;
			buildPhases = (
				722F9795ED20E54243F1E41D /* [CP] Check Pods Manifest.lock */,
				529E145327EEAD5A00289E18 /* Sources */,
				529E145427EEAD5A00289E18 /* Frameworks */,
				529E145527EEAD5A00289E18 /* Resources */,
				5132777138239445F2DB9695 /* [CP] Embed Pods Frameworks */,
			);
			buildRules = (
			);
			dependencies = (
			);
			name = Parstagram;
			packageProductDependencies = (
				529E148B27EEB0A700289E18 /* AlamofireImage */,
			);
			productName = Parstagram;
			productReference = 529E145727EEAD5A00289E18 /* Parstagram.app */;
			productType = "com.apple.product-type.application";
		};
		529E146C27EEAD5C00289E18 /* ParstagramTests */ = {
			isa = PBXNativeTarget;
			buildConfigurationList = 529E148427EEAD5C00289E18 /* Build configuration list for PBXNativeTarget "ParstagramTests" */;
			buildPhases = (
				68BFA25D4DD6053DE0EE871E /* [CP] Check Pods Manifest.lock */,
				529E146927EEAD5C00289E18 /* Sources */,
				529E146A27EEAD5C00289E18 /* Frameworks */,
				529E146B27EEAD5C00289E18 /* Resources */,
			);
			buildRules = (
			);
			dependencies = (
				529E146F27EEAD5C00289E18 /* PBXTargetDependency */,
			);
			name = ParstagramTests;
			productName = ParstagramTests;
			productReference = 529E146D27EEAD5C00289E18 /* ParstagramTests.xctest */;
			productType = "com.apple.product-type.bundle.unit-test";
		};
		529E147627EEAD5C00289E18 /* ParstagramUITests */ = {
			isa = PBXNativeTarget;
			buildConfigurationList = 529E148727EEAD5C00289E18 /* Build configuration list for PBXNativeTarget "ParstagramUITests" */;
			buildPhases = (
				0018C035DEDE830A9A33F25A /* [CP] Check Pods Manifest.lock */,
				529E147327EEAD5C00289E18 /* Sources */,
				529E147427EEAD5C00289E18 /* Frameworks */,
				529E147527EEAD5C00289E18 /* Resources */,
				1656945628FBF4580D4C8476 /* [CP] Embed Pods Frameworks */,
			);
			buildRules = (
			);
			dependencies = (
				529E147927EEAD5C00289E18 /* PBXTargetDependency */,
			);
			name = ParstagramUITests;
			productName = ParstagramUITests;
			productReference = 529E147727EEAD5C00289E18 /* ParstagramUITests.xctest */;
			productType = "com.apple.product-type.bundle.ui-testing";
		};
/* End PBXNativeTarget section */

/* Begin PBXProject section */
		529E144F27EEAD5A00289E18 /* Project object */ = {
			isa = PBXProject;
			attributes = {
				BuildIndependentTargetsInParallel = 1;
				LastSwiftUpdateCheck = 1320;
				LastUpgradeCheck = 1320;
				TargetAttributes = {
					529E145627EEAD5A00289E18 = {
						CreatedOnToolsVersion = 13.2.1;
					};
					529E146C27EEAD5C00289E18 = {
						CreatedOnToolsVersion = 13.2.1;
						TestTargetID = 529E145627EEAD5A00289E18;
					};
					529E147627EEAD5C00289E18 = {
						CreatedOnToolsVersion = 13.2.1;
						TestTargetID = 529E145627EEAD5A00289E18;
					};
				};
			};
			buildConfigurationList = 529E145227EEAD5A00289E18 /* Build configuration list for PBXProject "Parstagram" */;
			compatibilityVersion = "Xcode 13.0";
			developmentRegion = en;
			hasScannedForEncodings = 0;
			knownRegions = (
				en,
				Base,
			);
			mainGroup = 529E144E27EEAD5A00289E18;
			packageReferences = (
				529E148A27EEB0A700289E18 /* XCRemoteSwiftPackageReference "AlamofireImage" */,
			);
			productRefGroup = 529E145827EEAD5A00289E18 /* Products */;
			projectDirPath = "";
			projectRoot = "";
			targets = (
				529E145627EEAD5A00289E18 /* Parstagram */,
				529E146C27EEAD5C00289E18 /* ParstagramTests */,
				529E147627EEAD5C00289E18 /* ParstagramUITests */,
			);
		};
/* End PBXProject section */

/* Begin PBXResourcesBuildPhase section */
		529E145527EEAD5A00289E18 /* Resources */ = {
			isa = PBXResourcesBuildPhase;
			buildActionMask = 2147483647;
			files = (
				529E146727EEAD5B00289E18 /* LaunchScreen.storyboard in Resources */,
				529E146427EEAD5B00289E18 /* Assets.xcassets in Resources */,
				529E146227EEAD5A00289E18 /* Main.storyboard in Resources */,
			);
			runOnlyForDeploymentPostprocessing = 0;
		};
		529E146B27EEAD5C00289E18 /* Resources */ = {
			isa = PBXResourcesBuildPhase;
			buildActionMask = 2147483647;
			files = (
			);
			runOnlyForDeploymentPostprocessing = 0;
		};
		529E147527EEAD5C00289E18 /* Resources */ = {
			isa = PBXResourcesBuildPhase;
			buildActionMask = 2147483647;
			files = (
			);
			runOnlyForDeploymentPostprocessing = 0;
		};
/* End PBXResourcesBuildPhase section */

/* Begin PBXShellScriptBuildPhase section */
		0018C035DEDE830A9A33F25A /* [CP] Check Pods Manifest.lock */ = {
			isa = PBXShellScriptBuildPhase;
			buildActionMask = 2147483647;
			files = (
			);
			inputFileListPaths = (
			);
			inputPaths = (
				"${PODS_PODFILE_DIR_PATH}/Podfile.lock",
				"${PODS_ROOT}/Manifest.lock",
			);
			name = "[CP] Check Pods Manifest.lock";
			outputFileListPaths = (
			);
			outputPaths = (
				"$(DERIVED_FILE_DIR)/Pods-Parstagram-ParstagramUITests-checkManifestLockResult.txt",
			);
			runOnlyForDeploymentPostprocessing = 0;
			shellPath = /bin/sh;
			shellScript = "diff \"${PODS_PODFILE_DIR_PATH}/Podfile.lock\" \"${PODS_ROOT}/Manifest.lock\" > /dev/null\nif [ $? != 0 ] ; then\n    # print error to STDERR\n    echo \"error: The sandbox is not in sync with the Podfile.lock. Run 'pod install' or update your CocoaPods installation.\" >&2\n    exit 1\nfi\n# This output is used by Xcode 'outputs' to avoid re-running this script phase.\necho \"SUCCESS\" > \"${SCRIPT_OUTPUT_FILE_0}\"\n";
			showEnvVarsInLog = 0;
		};
		1656945628FBF4580D4C8476 /* [CP] Embed Pods Frameworks */ = {
			isa = PBXShellScriptBuildPhase;
			buildActionMask = 2147483647;
			files = (
			);
			inputFileListPaths = (
				"${PODS_ROOT}/Target Support Files/Pods-Parstagram-ParstagramUITests/Pods-Parstagram-ParstagramUITests-frameworks-${CONFIGURATION}-input-files.xcfilelist",
			);
			name = "[CP] Embed Pods Frameworks";
			outputFileListPaths = (
				"${PODS_ROOT}/Target Support Files/Pods-Parstagram-ParstagramUITests/Pods-Parstagram-ParstagramUITests-frameworks-${CONFIGURATION}-output-files.xcfilelist",
			);
			runOnlyForDeploymentPostprocessing = 0;
			shellPath = /bin/sh;
			shellScript = "\"${PODS_ROOT}/Target Support Files/Pods-Parstagram-ParstagramUITests/Pods-Parstagram-ParstagramUITests-frameworks.sh\"\n";
			showEnvVarsInLog = 0;
		};
		5132777138239445F2DB9695 /* [CP] Embed Pods Frameworks */ = {
			isa = PBXShellScriptBuildPhase;
			buildActionMask = 2147483647;
			files = (
			);
			inputFileListPaths = (
				"${PODS_ROOT}/Target Support Files/Pods-Parstagram/Pods-Parstagram-frameworks-${CONFIGURATION}-input-files.xcfilelist",
			);
			name = "[CP] Embed Pods Frameworks";
			outputFileListPaths = (
				"${PODS_ROOT}/Target Support Files/Pods-Parstagram/Pods-Parstagram-frameworks-${CONFIGURATION}-output-files.xcfilelist",
			);
			runOnlyForDeploymentPostprocessing = 0;
			shellPath = /bin/sh;
			shellScript = "\"${PODS_ROOT}/Target Support Files/Pods-Parstagram/Pods-Parstagram-frameworks.sh\"\n";
			showEnvVarsInLog = 0;
		};
		68BFA25D4DD6053DE0EE871E /* [CP] Check Pods Manifest.lock */ = {
			isa = PBXShellScriptBuildPhase;
			buildActionMask = 2147483647;
			files = (
			);
			inputFileListPaths = (
			);
			inputPaths = (
				"${PODS_PODFILE_DIR_PATH}/Podfile.lock",
				"${PODS_ROOT}/Manifest.lock",
			);
			name = "[CP] Check Pods Manifest.lock";
			outputFileListPaths = (
			);
			outputPaths = (
				"$(DERIVED_FILE_DIR)/Pods-ParstagramTests-checkManifestLockResult.txt",
			);
			runOnlyForDeploymentPostprocessing = 0;
			shellPath = /bin/sh;
			shellScript = "diff \"${PODS_PODFILE_DIR_PATH}/Podfile.lock\" \"${PODS_ROOT}/Manifest.lock\" > /dev/null\nif [ $? != 0 ] ; then\n    # print error to STDERR\n    echo \"error: The sandbox is not in sync with the Podfile.lock. Run 'pod install' or update your CocoaPods installation.\" >&2\n    exit 1\nfi\n# This output is used by Xcode 'outputs' to avoid re-running this script phase.\necho \"SUCCESS\" > \"${SCRIPT_OUTPUT_FILE_0}\"\n";
			showEnvVarsInLog = 0;
		};
		722F9795ED20E54243F1E41D /* [CP] Check Pods Manifest.lock */ = {
			isa = PBXShellScriptBuildPhase;
			buildActionMask = 2147483647;
			files = (
			);
			inputFileListPaths = (
			);
			inputPaths = (
				"${PODS_PODFILE_DIR_PATH}/Podfile.lock",
				"${PODS_ROOT}/Manifest.lock",
			);
			name = "[CP] Check Pods Manifest.lock";
			outputFileListPaths = (
			);
			outputPaths = (
				"$(DERIVED_FILE_DIR)/Pods-Parstagram-checkManifestLockResult.txt",
			);
			runOnlyForDeploymentPostprocessing = 0;
			shellPath = /bin/sh;
			shellScript = "diff \"${PODS_PODFILE_DIR_PATH}/Podfile.lock\" \"${PODS_ROOT}/Manifest.lock\" > /dev/null\nif [ $? != 0 ] ; then\n    # print error to STDERR\n    echo \"error: The sandbox is not in sync with the Podfile.lock. Run 'pod install' or update your CocoaPods installation.\" >&2\n    exit 1\nfi\n# This output is used by Xcode 'outputs' to avoid re-running this script phase.\necho \"SUCCESS\" > \"${SCRIPT_OUTPUT_FILE_0}\"\n";
			showEnvVarsInLog = 0;
		};
/* End PBXShellScriptBuildPhase section */

/* Begin PBXSourcesBuildPhase section */
		529E145327EEAD5A00289E18 /* Sources */ = {
			isa = PBXSourcesBuildPhase;
			buildActionMask = 2147483647;
			files = (
				529E148E27EEB94600289E18 /* LoginViewController.swift in Sources */,
				529E149227EEEB3600289E18 /* CameraViewController.swift in Sources */,
				529E145B27EEAD5A00289E18 /* AppDelegate.swift in Sources */,
				529E149027EEB97100289E18 /* FeedViewController.swift in Sources */,
				529E145D27EEAD5A00289E18 /* SceneDelegate.swift in Sources */,
				529E149427EF9E4000289E18 /* PostCell.swift in Sources */,
			);
			runOnlyForDeploymentPostprocessing = 0;
		};
		529E146927EEAD5C00289E18 /* Sources */ = {
			isa = PBXSourcesBuildPhase;
			buildActionMask = 2147483647;
			files = (
				529E147227EEAD5C00289E18 /* ParstagramTests.swift in Sources */,
			);
			runOnlyForDeploymentPostprocessing = 0;
		};
		529E147327EEAD5C00289E18 /* Sources */ = {
			isa = PBXSourcesBuildPhase;
			buildActionMask = 2147483647;
			files = (
				529E147E27EEAD5C00289E18 /* ParstagramUITestsLaunchTests.swift in Sources */,
				529E147C27EEAD5C00289E18 /* ParstagramUITests.swift in Sources */,
			);
			runOnlyForDeploymentPostprocessing = 0;
		};
/* End PBXSourcesBuildPhase section */

/* Begin PBXTargetDependency section */
		529E146F27EEAD5C00289E18 /* PBXTargetDependency */ = {
			isa = PBXTargetDependency;
			target = 529E145627EEAD5A00289E18 /* Parstagram */;
			targetProxy = 529E146E27EEAD5C00289E18 /* PBXContainerItemProxy */;
		};
		529E147927EEAD5C00289E18 /* PBXTargetDependency */ = {
			isa = PBXTargetDependency;
			target = 529E145627EEAD5A00289E18 /* Parstagram */;
			targetProxy = 529E147827EEAD5C00289E18 /* PBXContainerItemProxy */;
		};
/* End PBXTargetDependency section */

/* Begin PBXVariantGroup section */
		529E146027EEAD5A00289E18 /* Main.storyboard */ = {
			isa = PBXVariantGroup;
			children = (
				529E146127EEAD5A00289E18 /* Base */,
			);
			name = Main.storyboard;
			sourceTree = "<group>";
		};
		529E146527EEAD5B00289E18 /* LaunchScreen.storyboard */ = {
			isa = PBXVariantGroup;
			children = (
				529E146627EEAD5B00289E18 /* Base */,
			);
			name = LaunchScreen.storyboard;
			sourceTree = "<group>";
		};
/* End PBXVariantGroup section */

/* Begin XCBuildConfiguration section */
		529E147F27EEAD5C00289E18 /* Debug */ = {
			isa = XCBuildConfiguration;
			buildSettings = {
				ALWAYS_SEARCH_USER_PATHS = NO;
				CLANG_ANALYZER_NONNULL = YES;
				CLANG_ANALYZER_NUMBER_OBJECT_CONVERSION = YES_AGGRESSIVE;
				CLANG_CXX_LANGUAGE_STANDARD = "gnu++17";
				CLANG_CXX_LIBRARY = "libc++";
				CLANG_ENABLE_MODULES = YES;
				CLANG_ENABLE_OBJC_ARC = YES;
				CLANG_ENABLE_OBJC_WEAK = YES;
				CLANG_WARN_BLOCK_CAPTURE_AUTORELEASING = YES;
				CLANG_WARN_BOOL_CONVERSION = YES;
				CLANG_WARN_COMMA = YES;
				CLANG_WARN_CONSTANT_CONVERSION = YES;
				CLANG_WARN_DEPRECATED_OBJC_IMPLEMENTATIONS = YES;
				CLANG_WARN_DIRECT_OBJC_ISA_USAGE = YES_ERROR;
				CLANG_WARN_DOCUMENTATION_COMMENTS = YES;
				CLANG_WARN_EMPTY_BODY = YES;
				CLANG_WARN_ENUM_CONVERSION = YES;
				CLANG_WARN_INFINITE_RECURSION = YES;
				CLANG_WARN_INT_CONVERSION = YES;
				CLANG_WARN_NON_LITERAL_NULL_CONVERSION = YES;
				CLANG_WARN_OBJC_IMPLICIT_RETAIN_SELF = YES;
				CLANG_WARN_OBJC_LITERAL_CONVERSION = YES;
				CLANG_WARN_OBJC_ROOT_CLASS = YES_ERROR;
				CLANG_WARN_QUOTED_INCLUDE_IN_FRAMEWORK_HEADER = YES;
				CLANG_WARN_RANGE_LOOP_ANALYSIS = YES;
				CLANG_WARN_STRICT_PROTOTYPES = YES;
				CLANG_WARN_SUSPICIOUS_MOVE = YES;
				CLANG_WARN_UNGUARDED_AVAILABILITY = YES_AGGRESSIVE;
				CLANG_WARN_UNREACHABLE_CODE = YES;
				CLANG_WARN__DUPLICATE_METHOD_MATCH = YES;
				COPY_PHASE_STRIP = NO;
				DEBUG_INFORMATION_FORMAT = dwarf;
				ENABLE_STRICT_OBJC_MSGSEND = YES;
				ENABLE_TESTABILITY = YES;
				GCC_C_LANGUAGE_STANDARD = gnu11;
				GCC_DYNAMIC_NO_PIC = NO;
				GCC_NO_COMMON_BLOCKS = YES;
				GCC_OPTIMIZATION_LEVEL = 0;
				GCC_PREPROCESSOR_DEFINITIONS = (
					"DEBUG=1",
					"$(inherited)",
				);
				GCC_WARN_64_TO_32_BIT_CONVERSION = YES;
				GCC_WARN_ABOUT_RETURN_TYPE = YES_ERROR;
				GCC_WARN_UNDECLARED_SELECTOR = YES;
				GCC_WARN_UNINITIALIZED_AUTOS = YES_AGGRESSIVE;
				GCC_WARN_UNUSED_FUNCTION = YES;
				GCC_WARN_UNUSED_VARIABLE = YES;
				IPHONEOS_DEPLOYMENT_TARGET = 15.2;
				MTL_ENABLE_DEBUG_INFO = INCLUDE_SOURCE;
				MTL_FAST_MATH = YES;
				ONLY_ACTIVE_ARCH = YES;
				SDKROOT = iphoneos;
				SWIFT_ACTIVE_COMPILATION_CONDITIONS = DEBUG;
				SWIFT_OPTIMIZATION_LEVEL = "-Onone";
			};
			name = Debug;
		};
		529E148027EEAD5C00289E18 /* Release */ = {
			isa = XCBuildConfiguration;
			buildSettings = {
				ALWAYS_SEARCH_USER_PATHS = NO;
				CLANG_ANALYZER_NONNULL = YES;
				CLANG_ANALYZER_NUMBER_OBJECT_CONVERSION = YES_AGGRESSIVE;
				CLANG_CXX_LANGUAGE_STANDARD = "gnu++17";
				CLANG_CXX_LIBRARY = "libc++";
				CLANG_ENABLE_MODULES = YES;
				CLANG_ENABLE_OBJC_ARC = YES;
				CLANG_ENABLE_OBJC_WEAK = YES;
				CLANG_WARN_BLOCK_CAPTURE_AUTORELEASING = YES;
				CLANG_WARN_BOOL_CONVERSION = YES;
				CLANG_WARN_COMMA = YES;
				CLANG_WARN_CONSTANT_CONVERSION = YES;
				CLANG_WARN_DEPRECATED_OBJC_IMPLEMENTATIONS = YES;
				CLANG_WARN_DIRECT_OBJC_ISA_USAGE = YES_ERROR;
				CLANG_WARN_DOCUMENTATION_COMMENTS = YES;
				CLANG_WARN_EMPTY_BODY = YES;
				CLANG_WARN_ENUM_CONVERSION = YES;
				CLANG_WARN_INFINITE_RECURSION = YES;
				CLANG_WARN_INT_CONVERSION = YES;
				CLANG_WARN_NON_LITERAL_NULL_CONVERSION = YES;
				CLANG_WARN_OBJC_IMPLICIT_RETAIN_SELF = YES;
				CLANG_WARN_OBJC_LITERAL_CONVERSION = YES;
				CLANG_WARN_OBJC_ROOT_CLASS = YES_ERROR;
				CLANG_WARN_QUOTED_INCLUDE_IN_FRAMEWORK_HEADER = YES;
				CLANG_WARN_RANGE_LOOP_ANALYSIS = YES;
				CLANG_WARN_STRICT_PROTOTYPES = YES;
				CLANG_WARN_SUSPICIOUS_MOVE = YES;
				CLANG_WARN_UNGUARDED_AVAILABILITY = YES_AGGRESSIVE;
				CLANG_WARN_UNREACHABLE_CODE = YES;
				CLANG_WARN__DUPLICATE_METHOD_MATCH = YES;
				COPY_PHASE_STRIP = NO;
				DEBUG_INFORMATION_FORMAT = "dwarf-with-dsym";
				ENABLE_NS_ASSERTIONS = NO;
				ENABLE_STRICT_OBJC_MSGSEND = YES;
				GCC_C_LANGUAGE_STANDARD = gnu11;
				GCC_NO_COMMON_BLOCKS = YES;
				GCC_WARN_64_TO_32_BIT_CONVERSION = YES;
				GCC_WARN_ABOUT_RETURN_TYPE = YES_ERROR;
				GCC_WARN_UNDECLARED_SELECTOR = YES;
				GCC_WARN_UNINITIALIZED_AUTOS = YES_AGGRESSIVE;
				GCC_WARN_UNUSED_FUNCTION = YES;
				GCC_WARN_UNUSED_VARIABLE = YES;
				IPHONEOS_DEPLOYMENT_TARGET = 15.2;
				MTL_ENABLE_DEBUG_INFO = NO;
				MTL_FAST_MATH = YES;
				SDKROOT = iphoneos;
				SWIFT_COMPILATION_MODE = wholemodule;
				SWIFT_OPTIMIZATION_LEVEL = "-O";
				VALIDATE_PRODUCT = YES;
			};
			name = Release;
		};
		529E148227EEAD5C00289E18 /* Debug */ = {
			isa = XCBuildConfiguration;
			baseConfigurationReference = E7FCC36E57B8F66A8AD1D1FE /* Pods-Parstagram.debug.xcconfig */;
			buildSettings = {
				ASSETCATALOG_COMPILER_APPICON_NAME = AppIcon;
				ASSETCATALOG_COMPILER_GLOBAL_ACCENT_COLOR_NAME = AccentColor;
				CODE_SIGN_STYLE = Automatic;
				CURRENT_PROJECT_VERSION = 1;
				DEVELOPMENT_TEAM = 7779BBMV6P;
				GENERATE_INFOPLIST_FILE = YES;
				INFOPLIST_FILE = Parstagram/Info.plist;
				INFOPLIST_KEY_UIApplicationSupportsIndirectInputEvents = YES;
				INFOPLIST_KEY_UILaunchStoryboardName = LaunchScreen;
				INFOPLIST_KEY_UIMainStoryboardFile = Main;
				INFOPLIST_KEY_UISupportedInterfaceOrientations_iPad = "UIInterfaceOrientationPortrait UIInterfaceOrientationPortraitUpsideDown UIInterfaceOrientationLandscapeLeft UIInterfaceOrientationLandscapeRight";
				INFOPLIST_KEY_UISupportedInterfaceOrientations_iPhone = "UIInterfaceOrientationPortrait UIInterfaceOrientationLandscapeLeft UIInterfaceOrientationLandscapeRight";
				LD_RUNPATH_SEARCH_PATHS = (
					"$(inherited)",
					"@executable_path/Frameworks",
				);
				MARKETING_VERSION = 1.0;
				PRODUCT_BUNDLE_IDENTIFIER = com.weianwu824.Parstagram;
				PRODUCT_NAME = "$(TARGET_NAME)";
				SWIFT_EMIT_LOC_STRINGS = YES;
				SWIFT_VERSION = 5.0;
				TARGETED_DEVICE_FAMILY = "1,2";
			};
			name = Debug;
		};
		529E148327EEAD5C00289E18 /* Release */ = {
			isa = XCBuildConfiguration;
			baseConfigurationReference = A2628AEB8937285ACD6762DC /* Pods-Parstagram.release.xcconfig */;
			buildSettings = {
				ASSETCATALOG_COMPILER_APPICON_NAME = AppIcon;
				ASSETCATALOG_COMPILER_GLOBAL_ACCENT_COLOR_NAME = AccentColor;
				CODE_SIGN_STYLE = Automatic;
				CURRENT_PROJECT_VERSION = 1;
				DEVELOPMENT_TEAM = 7779BBMV6P;
				GENERATE_INFOPLIST_FILE = YES;
				INFOPLIST_FILE = Parstagram/Info.plist;
				INFOPLIST_KEY_UIApplicationSupportsIndirectInputEvents = YES;
				INFOPLIST_KEY_UILaunchStoryboardName = LaunchScreen;
				INFOPLIST_KEY_UIMainStoryboardFile = Main;
				INFOPLIST_KEY_UISupportedInterfaceOrientations_iPad = "UIInterfaceOrientationPortrait UIInterfaceOrientationPortraitUpsideDown UIInterfaceOrientationLandscapeLeft UIInterfaceOrientationLandscapeRight";
				INFOPLIST_KEY_UISupportedInterfaceOrientations_iPhone = "UIInterfaceOrientationPortrait UIInterfaceOrientationLandscapeLeft UIInterfaceOrientationLandscapeRight";
				LD_RUNPATH_SEARCH_PATHS = (
					"$(inherited)",
					"@executable_path/Frameworks",
				);
				MARKETING_VERSION = 1.0;
				PRODUCT_BUNDLE_IDENTIFIER = com.weianwu824.Parstagram;
				PRODUCT_NAME = "$(TARGET_NAME)";
				SWIFT_EMIT_LOC_STRINGS = YES;
				SWIFT_VERSION = 5.0;
				TARGETED_DEVICE_FAMILY = "1,2";
			};
			name = Release;
		};
		529E148527EEAD5C00289E18 /* Debug */ = {
			isa = XCBuildConfiguration;
			baseConfigurationReference = 530DDAC89EB35314028DEC07 /* Pods-ParstagramTests.debug.xcconfig */;
			buildSettings = {
				ALWAYS_EMBED_SWIFT_STANDARD_LIBRARIES = YES;
				BUNDLE_LOADER = "$(TEST_HOST)";
				CODE_SIGN_STYLE = Automatic;
				CURRENT_PROJECT_VERSION = 1;
				DEVELOPMENT_TEAM = 7779BBMV6P;
				GENERATE_INFOPLIST_FILE = YES;
				IPHONEOS_DEPLOYMENT_TARGET = 15.2;
				MARKETING_VERSION = 1.0;
				PRODUCT_BUNDLE_IDENTIFIER = com.weianwu824.ParstagramTests;
				PRODUCT_NAME = "$(TARGET_NAME)";
				SWIFT_EMIT_LOC_STRINGS = NO;
				SWIFT_VERSION = 5.0;
				TARGETED_DEVICE_FAMILY = "1,2";
				TEST_HOST = "$(BUILT_PRODUCTS_DIR)/Parstagram.app/Parstagram";
			};
			name = Debug;
		};
		529E148627EEAD5C00289E18 /* Release */ = {
			isa = XCBuildConfiguration;
			baseConfigurationReference = DCC28FDE899ED0B511E05460 /* Pods-ParstagramTests.release.xcconfig */;
			buildSettings = {
				ALWAYS_EMBED_SWIFT_STANDARD_LIBRARIES = YES;
				BUNDLE_LOADER = "$(TEST_HOST)";
				CODE_SIGN_STYLE = Automatic;
				CURRENT_PROJECT_VERSION = 1;
				DEVELOPMENT_TEAM = 7779BBMV6P;
				GENERATE_INFOPLIST_FILE = YES;
				IPHONEOS_DEPLOYMENT_TARGET = 15.2;
				MARKETING_VERSION = 1.0;
				PRODUCT_BUNDLE_IDENTIFIER = com.weianwu824.ParstagramTests;
				PRODUCT_NAME = "$(TARGET_NAME)";
				SWIFT_EMIT_LOC_STRINGS = NO;
				SWIFT_VERSION = 5.0;
				TARGETED_DEVICE_FAMILY = "1,2";
				TEST_HOST = "$(BUILT_PRODUCTS_DIR)/Parstagram.app/Parstagram";
			};
			name = Release;
		};
		529E148827EEAD5C00289E18 /* Debug */ = {
			isa = XCBuildConfiguration;
			baseConfigurationReference = 4F162023BE07ED687511B909 /* Pods-Parstagram-ParstagramUITests.debug.xcconfig */;
			buildSettings = {
				ALWAYS_EMBED_SWIFT_STANDARD_LIBRARIES = YES;
				CODE_SIGN_STYLE = Automatic;
				CURRENT_PROJECT_VERSION = 1;
				DEVELOPMENT_TEAM = 7779BBMV6P;
				GENERATE_INFOPLIST_FILE = YES;
				MARKETING_VERSION = 1.0;
				PRODUCT_BUNDLE_IDENTIFIER = com.weianwu824.ParstagramUITests;
				PRODUCT_NAME = "$(TARGET_NAME)";
				SWIFT_EMIT_LOC_STRINGS = NO;
				SWIFT_VERSION = 5.0;
				TARGETED_DEVICE_FAMILY = "1,2";
				TEST_TARGET_NAME = Parstagram;
			};
			name = Debug;
		};
		529E148927EEAD5C00289E18 /* Release */ = {
			isa = XCBuildConfiguration;
			baseConfigurationReference = B9271767B640AA12CFD1D5BD /* Pods-Parstagram-ParstagramUITests.release.xcconfig */;
			buildSettings = {
				ALWAYS_EMBED_SWIFT_STANDARD_LIBRARIES = YES;
				CODE_SIGN_STYLE = Automatic;
				CURRENT_PROJECT_VERSION = 1;
				DEVELOPMENT_TEAM = 7779BBMV6P;
				GENERATE_INFOPLIST_FILE = YES;
				MARKETING_VERSION = 1.0;
				PRODUCT_BUNDLE_IDENTIFIER = com.weianwu824.ParstagramUITests;
				PRODUCT_NAME = "$(TARGET_NAME)";
				SWIFT_EMIT_LOC_STRINGS = NO;
				SWIFT_VERSION = 5.0;
				TARGETED_DEVICE_FAMILY = "1,2";
				TEST_TARGET_NAME = Parstagram;
			};
			name = Release;
		};
/* End XCBuildConfiguration section */

/* Begin XCConfigurationList section */
		529E145227EEAD5A00289E18 /* Build configuration list for PBXProject "Parstagram" */ = {
			isa = XCConfigurationList;
			buildConfigurations = (
				529E147F27EEAD5C00289E18 /* Debug */,
				529E148027EEAD5C00289E18 /* Release */,
			);
			defaultConfigurationIsVisible = 0;
			defaultConfigurationName = Release;
		};
		529E148127EEAD5C00289E18 /* Build configuration list for PBXNativeTarget "Parstagram" */ = {
			isa = XCConfigurationList;
			buildConfigurations = (
				529E148227EEAD5C00289E18 /* Debug */,
				529E148327EEAD5C00289E18 /* Release */,
			);
			defaultConfigurationIsVisible = 0;
			defaultConfigurationName = Release;
		};
		529E148427EEAD5C00289E18 /* Build configuration list for PBXNativeTarget "ParstagramTests" */ = {
			isa = XCConfigurationList;
			buildConfigurations = (
				529E148527EEAD5C00289E18 /* Debug */,
				529E148627EEAD5C00289E18 /* Release */,
			);
			defaultConfigurationIsVisible = 0;
			defaultConfigurationName = Release;
		};
		529E148727EEAD5C00289E18 /* Build configuration list for PBXNativeTarget "ParstagramUITests" */ = {
			isa = XCConfigurationList;
			buildConfigurations = (
				529E148827EEAD5C00289E18 /* Debug */,
				529E148927EEAD5C00289E18 /* Release */,
			);
			defaultConfigurationIsVisible = 0;
			defaultConfigurationName = Release;
		};
/* End XCConfigurationList section */

/* Begin XCRemoteSwiftPackageReference section */
		529E148A27EEB0A700289E18 /* XCRemoteSwiftPackageReference "AlamofireImage" */ = {
			isa = XCRemoteSwiftPackageReference;
			repositoryURL = "https://github.com/Alamofire/AlamofireImage";
			requirement = {
				kind = upToNextMajorVersion;
				minimumVersion = 4.0.0;
			};
		};
/* End XCRemoteSwiftPackageReference section */

/* Begin XCSwiftPackageProductDependency section */
		529E148B27EEB0A700289E18 /* AlamofireImage */ = {
			isa = XCSwiftPackageProductDependency;
			package = 529E148A27EEB0A700289E18 /* XCRemoteSwiftPackageReference "AlamofireImage" */;
			productName = AlamofireImage;
		};
/* End XCSwiftPackageProductDependency section */
	};
	rootObject = 529E144F27EEAD5A00289E18 /* Project object */;
}
